
Microsoft Visual Studio Solution File, Format Version 12.00
# Visual Studio 15
VisualStudioVersion = 15.0.27703.2026
MinimumVisualStudioVersion = 10.0.40219.1
Project("{9A19103F-16F7-4668-BE54-9A1E7A4F7556}") = "FizzBuzzTree", "FizzBuzzTree\FizzBuzzTree.csproj", "{AE75C086-BD37-4368-84B0-4E615DD887E4}"
EndProject
Project("{FAE04EC0-301F-11D3-BF4B-00C04F79EFBC}") = "FizzBuzzTreeTests", "FizzBuzzTreeTests\FizzBuzzTreeTests.csproj", "{6876E4AE-9D72-4988-B280-3AADD363352A}"
EndProject
Global
	GlobalSection(SolutionConfigurationPlatforms) = preSolution
		Debug|Any CPU = Debug|Any CPU
		Release|Any CPU = Release|Any CPU
	EndGlobalSection
	GlobalSection(ProjectConfigurationPlatforms) = postSolution
		{AE75C086-BD37-4368-84B0-4E615DD887E4}.Debug|Any CPU.ActiveCfg = Debug|Any CPU
		{AE75C086-BD37-4368-84B0-4E615DD887E4}.Debug|Any CPU.Build.0 = Debug|Any CPU
		{AE75C086-BD37-4368-84B0-4E615DD887E4}.Release|Any CPU.ActiveCfg = Release|Any CPU
		{AE75C086-BD37-4368-84B0-4E615DD887E4}.Release|Any CPU.Build.0 = Release|Any CPU
		{6876E4AE-9D72-4988-B280-3AADD363352A}.Debug|Any CPU.ActiveCfg = Debug|Any CPU
		{6876E4AE-9D72-4988-B280-3AADD363352A}.Debug|Any CPU.Build.0 = Debug|Any CPU
		{6876E4AE-9D72-4988-B280-3AADD363352A}.Release|Any CPU.ActiveCfg = Release|Any CPU
		{6876E4AE-9D72-4988-B280-3AADD363352A}.Release|Any CPU.Build.0 = Release|Any CPU
	EndGlobalSection
	GlobalSection(SolutionProperties) = preSolution
		HideSolutionNode = FALSE
	EndGlobalSection
	GlobalSection(ExtensibilityGlobals) = postSolution
		SolutionGuid = {6D9872F0-2D1C-4A00-8EC7-AC344C79561B}
	EndGlobalSection
EndGlobal
