
Microsoft Visual Studio Solution File, Format Version 12.00
# Visual Studio 15
VisualStudioVersion = 15.0.27703.2026
MinimumVisualStudioVersion = 10.0.40219.1
Project("{9A19103F-16F7-4668-BE54-9A1E7A4F7556}") = "KthElement", "KthElement\KthElement.csproj", "{7C097836-6C73-4BDD-9AAC-49595A31328F}"
EndProject
Project("{FAE04EC0-301F-11D3-BF4B-00C04F79EFBC}") = "KthElementTests", "KthElementTests\KthElementTests.csproj", "{17C82494-C7CE-4ABE-8461-40BDF0A48909}"
EndProject
Global
	GlobalSection(SolutionConfigurationPlatforms) = preSolution
		Debug|Any CPU = Debug|Any CPU
		Release|Any CPU = Release|Any CPU
	EndGlobalSection
	GlobalSection(ProjectConfigurationPlatforms) = postSolution
		{7C097836-6C73-4BDD-9AAC-49595A31328F}.Debug|Any CPU.ActiveCfg = Debug|Any CPU
		{7C097836-6C73-4BDD-9AAC-49595A31328F}.Debug|Any CPU.Build.0 = Debug|Any CPU
		{7C097836-6C73-4BDD-9AAC-49595A31328F}.Release|Any CPU.ActiveCfg = Release|Any CPU
		{7C097836-6C73-4BDD-9AAC-49595A31328F}.Release|Any CPU.Build.0 = Release|Any CPU
		{17C82494-C7CE-4ABE-8461-40BDF0A48909}.Debug|Any CPU.ActiveCfg = Debug|Any CPU
		{17C82494-C7CE-4ABE-8461-40BDF0A48909}.Debug|Any CPU.Build.0 = Debug|Any CPU
		{17C82494-C7CE-4ABE-8461-40BDF0A48909}.Release|Any CPU.ActiveCfg = Release|Any CPU
		{17C82494-C7CE-4ABE-8461-40BDF0A48909}.Release|Any CPU.Build.0 = Release|Any CPU
	EndGlobalSection
	GlobalSection(SolutionProperties) = preSolution
		HideSolutionNode = FALSE
	EndGlobalSection
	GlobalSection(ExtensibilityGlobals) = postSolution
		SolutionGuid = {3E8C443C-5EC5-4D90-8A68-D7B1251EBE10}
	EndGlobalSection
EndGlobal
