
Microsoft Visual Studio Solution File, Format Version 12.00
# Visual Studio 15
VisualStudioVersion = 15.0.27703.2026
MinimumVisualStudioVersion = 10.0.40219.1
Project("{9A19103F-16F7-4668-BE54-9A1E7A4F7556}") = "InsertionSortAlgo", "InsertionSortAlgo\InsertionSortAlgo.csproj", "{229B6724-A54C-4F90-82FC-9C8C0FB61AE6}"
EndProject
Global
	GlobalSection(SolutionConfigurationPlatforms) = preSolution
		Debug|Any CPU = Debug|Any CPU
		Release|Any CPU = Release|Any CPU
	EndGlobalSection
	GlobalSection(ProjectConfigurationPlatforms) = postSolution
		{229B6724-A54C-4F90-82FC-9C8C0FB61AE6}.Debug|Any CPU.ActiveCfg = Debug|Any CPU
		{229B6724-A54C-4F90-82FC-9C8C0FB61AE6}.Debug|Any CPU.Build.0 = Debug|Any CPU
		{229B6724-A54C-4F90-82FC-9C8C0FB61AE6}.Release|Any CPU.ActiveCfg = Release|Any CPU
		{229B6724-A54C-4F90-82FC-9C8C0FB61AE6}.Release|Any CPU.Build.0 = Release|Any CPU
	EndGlobalSection
	GlobalSection(SolutionProperties) = preSolution
		HideSolutionNode = FALSE
	EndGlobalSection
	GlobalSection(ExtensibilityGlobals) = postSolution
		SolutionGuid = {AF563B35-FFDB-4353-A54C-F771DE0F34A7}
	EndGlobalSection
EndGlobal
