
Microsoft Visual Studio Solution File, Format Version 12.00
# Visual Studio 15
VisualStudioVersion = 15.0.27703.2018
MinimumVisualStudioVersion = 10.0.40219.1
Project("{9A19103F-16F7-4668-BE54-9A1E7A4F7556}") = "AdjacentProduct", "AdjacentProduct\AdjacentProduct.csproj", "{4F89F8F2-FAF7-4B70-8CD4-9B57BFDE2B1B}"
EndProject
Project("{FAE04EC0-301F-11D3-BF4B-00C04F79EFBC}") = "AdjacentProductTests", "AdjacentProductTests\AdjacentProductTests.csproj", "{B66262A7-F1CE-4D06-A785-770B57CEFBA2}"
EndProject
Global
	GlobalSection(SolutionConfigurationPlatforms) = preSolution
		Debug|Any CPU = Debug|Any CPU
		Release|Any CPU = Release|Any CPU
	EndGlobalSection
	GlobalSection(ProjectConfigurationPlatforms) = postSolution
		{4F89F8F2-FAF7-4B70-8CD4-9B57BFDE2B1B}.Debug|Any CPU.ActiveCfg = Debug|Any CPU
		{4F89F8F2-FAF7-4B70-8CD4-9B57BFDE2B1B}.Debug|Any CPU.Build.0 = Debug|Any CPU
		{4F89F8F2-FAF7-4B70-8CD4-9B57BFDE2B1B}.Release|Any CPU.ActiveCfg = Release|Any CPU
		{4F89F8F2-FAF7-4B70-8CD4-9B57BFDE2B1B}.Release|Any CPU.Build.0 = Release|Any CPU
		{B66262A7-F1CE-4D06-A785-770B57CEFBA2}.Debug|Any CPU.ActiveCfg = Debug|Any CPU
		{B66262A7-F1CE-4D06-A785-770B57CEFBA2}.Debug|Any CPU.Build.0 = Debug|Any CPU
		{B66262A7-F1CE-4D06-A785-770B57CEFBA2}.Release|Any CPU.ActiveCfg = Release|Any CPU
		{B66262A7-F1CE-4D06-A785-770B57CEFBA2}.Release|Any CPU.Build.0 = Release|Any CPU
	EndGlobalSection
	GlobalSection(SolutionProperties) = preSolution
		HideSolutionNode = FALSE
	EndGlobalSection
	GlobalSection(ExtensibilityGlobals) = postSolution
		SolutionGuid = {BB065BA4-7568-4346-B878-156C778A27E1}
	EndGlobalSection
EndGlobal
