
Microsoft Visual Studio Solution File, Format Version 12.00
# Visual Studio 15
VisualStudioVersion = 15.0.27703.2026
MinimumVisualStudioVersion = 10.0.40219.1
Project("{9A19103F-16F7-4668-BE54-9A1E7A4F7556}") = "MergeLists", "MergeLists\MergeLists.csproj", "{C82C37CB-EFF6-41BC-8C9B-47BDA93FB74F}"
EndProject
Project("{FAE04EC0-301F-11D3-BF4B-00C04F79EFBC}") = "MergeListTest", "MergeListTest\MergeListTest.csproj", "{91C3A2D8-014A-48BE-BB96-9F0CE96D86BE}"
EndProject
Global
	GlobalSection(SolutionConfigurationPlatforms) = preSolution
		Debug|Any CPU = Debug|Any CPU
		Release|Any CPU = Release|Any CPU
	EndGlobalSection
	GlobalSection(ProjectConfigurationPlatforms) = postSolution
		{C82C37CB-EFF6-41BC-8C9B-47BDA93FB74F}.Debug|Any CPU.ActiveCfg = Debug|Any CPU
		{C82C37CB-EFF6-41BC-8C9B-47BDA93FB74F}.Debug|Any CPU.Build.0 = Debug|Any CPU
		{C82C37CB-EFF6-41BC-8C9B-47BDA93FB74F}.Release|Any CPU.ActiveCfg = Release|Any CPU
		{C82C37CB-EFF6-41BC-8C9B-47BDA93FB74F}.Release|Any CPU.Build.0 = Release|Any CPU
		{91C3A2D8-014A-48BE-BB96-9F0CE96D86BE}.Debug|Any CPU.ActiveCfg = Debug|Any CPU
		{91C3A2D8-014A-48BE-BB96-9F0CE96D86BE}.Debug|Any CPU.Build.0 = Debug|Any CPU
		{91C3A2D8-014A-48BE-BB96-9F0CE96D86BE}.Release|Any CPU.ActiveCfg = Release|Any CPU
		{91C3A2D8-014A-48BE-BB96-9F0CE96D86BE}.Release|Any CPU.Build.0 = Release|Any CPU
	EndGlobalSection
	GlobalSection(SolutionProperties) = preSolution
		HideSolutionNode = FALSE
	EndGlobalSection
	GlobalSection(ExtensibilityGlobals) = postSolution
		SolutionGuid = {6319027E-D2C5-4D05-958F-9A91984BC768}
	EndGlobalSection
EndGlobal
