
Microsoft Visual Studio Solution File, Format Version 12.00
# Visual Studio 15
VisualStudioVersion = 15.0.27703.2026
MinimumVisualStudioVersion = 10.0.40219.1
Project("{9A19103F-16F7-4668-BE54-9A1E7A4F7556}") = "MergeSortAlgo", "MergeSortAlgo.csproj", "{DC62DFD2-5DBE-49CA-B172-529F5B71ADC8}"
EndProject
Project("{9A19103F-16F7-4668-BE54-9A1E7A4F7556}") = "MergeSortTests", "..\MergeSortTests\MergeSortTests.csproj", "{745106BA-DC00-4AD4-8D76-DA9190B75180}"
EndProject
Global
	GlobalSection(SolutionConfigurationPlatforms) = preSolution
		Debug|Any CPU = Debug|Any CPU
		Release|Any CPU = Release|Any CPU
	EndGlobalSection
	GlobalSection(ProjectConfigurationPlatforms) = postSolution
		{DC62DFD2-5DBE-49CA-B172-529F5B71ADC8}.Debug|Any CPU.ActiveCfg = Debug|Any CPU
		{DC62DFD2-5DBE-49CA-B172-529F5B71ADC8}.Debug|Any CPU.Build.0 = Debug|Any CPU
		{DC62DFD2-5DBE-49CA-B172-529F5B71ADC8}.Release|Any CPU.ActiveCfg = Release|Any CPU
		{DC62DFD2-5DBE-49CA-B172-529F5B71ADC8}.Release|Any CPU.Build.0 = Release|Any CPU
		{745106BA-DC00-4AD4-8D76-DA9190B75180}.Debug|Any CPU.ActiveCfg = Debug|Any CPU
		{745106BA-DC00-4AD4-8D76-DA9190B75180}.Debug|Any CPU.Build.0 = Debug|Any CPU
		{745106BA-DC00-4AD4-8D76-DA9190B75180}.Release|Any CPU.ActiveCfg = Release|Any CPU
		{745106BA-DC00-4AD4-8D76-DA9190B75180}.Release|Any CPU.Build.0 = Release|Any CPU
	EndGlobalSection
	GlobalSection(SolutionProperties) = preSolution
		HideSolutionNode = FALSE
	EndGlobalSection
	GlobalSection(ExtensibilityGlobals) = postSolution
		SolutionGuid = {66C95FAE-F46E-409E-82AF-8D33CA93E8B3}
	EndGlobalSection
EndGlobal
