
Microsoft Visual Studio Solution File, Format Version 12.00
# Visual Studio 15
VisualStudioVersion = 15.0.27703.2026
MinimumVisualStudioVersion = 10.0.40219.1
Project("{9A19103F-16F7-4668-BE54-9A1E7A4F7556}") = "FIFOAnimalShelter", "FIFOAnimalShelter\FIFOAnimalShelter.csproj", "{F4748EE8-0C79-4E5B-9CF6-D7B0155C814F}"
EndProject
Project("{FAE04EC0-301F-11D3-BF4B-00C04F79EFBC}") = "FIFOAnimalShelterTests", "FIFOAnimalShelterTests\FIFOAnimalShelterTests.csproj", "{D28BBE3B-3728-4C44-90B4-1E81E3B7E4F6}"
EndProject
Global
	GlobalSection(SolutionConfigurationPlatforms) = preSolution
		Debug|Any CPU = Debug|Any CPU
		Release|Any CPU = Release|Any CPU
	EndGlobalSection
	GlobalSection(ProjectConfigurationPlatforms) = postSolution
		{F4748EE8-0C79-4E5B-9CF6-D7B0155C814F}.Debug|Any CPU.ActiveCfg = Debug|Any CPU
		{F4748EE8-0C79-4E5B-9CF6-D7B0155C814F}.Debug|Any CPU.Build.0 = Debug|Any CPU
		{F4748EE8-0C79-4E5B-9CF6-D7B0155C814F}.Release|Any CPU.ActiveCfg = Release|Any CPU
		{F4748EE8-0C79-4E5B-9CF6-D7B0155C814F}.Release|Any CPU.Build.0 = Release|Any CPU
		{D28BBE3B-3728-4C44-90B4-1E81E3B7E4F6}.Debug|Any CPU.ActiveCfg = Debug|Any CPU
		{D28BBE3B-3728-4C44-90B4-1E81E3B7E4F6}.Debug|Any CPU.Build.0 = Debug|Any CPU
		{D28BBE3B-3728-4C44-90B4-1E81E3B7E4F6}.Release|Any CPU.ActiveCfg = Release|Any CPU
		{D28BBE3B-3728-4C44-90B4-1E81E3B7E4F6}.Release|Any CPU.Build.0 = Release|Any CPU
	EndGlobalSection
	GlobalSection(SolutionProperties) = preSolution
		HideSolutionNode = FALSE
	EndGlobalSection
	GlobalSection(ExtensibilityGlobals) = postSolution
		SolutionGuid = {54975702-E8BB-45FB-96E7-BC9FB27907D2}
	EndGlobalSection
EndGlobal
