
Microsoft Visual Studio Solution File, Format Version 12.00
# Visual Studio 15
VisualStudioVersion = 15.0.27703.2026
MinimumVisualStudioVersion = 10.0.40219.1
Project("{9A19103F-16F7-4668-BE54-9A1E7A4F7556}") = "RadixSortAlgo", "RadixSortAlgo\RadixSortAlgo.csproj", "{A6596B55-20B3-4E51-8A52-1146D8301A2D}"
EndProject
Project("{FAE04EC0-301F-11D3-BF4B-00C04F79EFBC}") = "RadixSortTests", "RadixSortTests\RadixSortTests.csproj", "{58044B31-8A8B-4036-97C9-21498635F284}"
EndProject
Global
	GlobalSection(SolutionConfigurationPlatforms) = preSolution
		Debug|Any CPU = Debug|Any CPU
		Release|Any CPU = Release|Any CPU
	EndGlobalSection
	GlobalSection(ProjectConfigurationPlatforms) = postSolution
		{A6596B55-20B3-4E51-8A52-1146D8301A2D}.Debug|Any CPU.ActiveCfg = Debug|Any CPU
		{A6596B55-20B3-4E51-8A52-1146D8301A2D}.Debug|Any CPU.Build.0 = Debug|Any CPU
		{A6596B55-20B3-4E51-8A52-1146D8301A2D}.Release|Any CPU.ActiveCfg = Release|Any CPU
		{A6596B55-20B3-4E51-8A52-1146D8301A2D}.Release|Any CPU.Build.0 = Release|Any CPU
		{58044B31-8A8B-4036-97C9-21498635F284}.Debug|Any CPU.ActiveCfg = Debug|Any CPU
		{58044B31-8A8B-4036-97C9-21498635F284}.Debug|Any CPU.Build.0 = Debug|Any CPU
		{58044B31-8A8B-4036-97C9-21498635F284}.Release|Any CPU.ActiveCfg = Release|Any CPU
		{58044B31-8A8B-4036-97C9-21498635F284}.Release|Any CPU.Build.0 = Release|Any CPU
	EndGlobalSection
	GlobalSection(SolutionProperties) = preSolution
		HideSolutionNode = FALSE
	EndGlobalSection
	GlobalSection(ExtensibilityGlobals) = postSolution
		SolutionGuid = {979354B8-E139-487F-BDAF-D03537C6EFCB}
	EndGlobalSection
EndGlobal
